<?xml version="1.0" encoding="utf-8"?>
<Project ToolsVersion="4.0" xmlns="http://schemas.microsoft.com/developer/msbuild/2003">
  <ItemGroup>
    <Filter Include="ソース ファイル">
      <UniqueIdentifier>{4FC737F1-C7A5-4376-A066-2A32D752A2FF}</UniqueIdentifier>
      <Extensions>cpp;c;cc;cxx;def;odl;idl;hpj;bat;asm;asmx</Extensions>
    </Filter>
    <Filter Include="ヘッダー ファイル">
      <UniqueIdentifier>{93995380-89BD-4b04-88EB-625FBE52EBFB}</UniqueIdentifier>
      <Extensions>h;hh;hpp;hxx;hm;inl;inc;xsd</Extensions>
    </Filter>
    <Filter Include="リソース ファイル">
      <UniqueIdentifier>{67DA6AB6-F800-4c08-8B7A-83BB121AAD01}</UniqueIdentifier>
      <Extensions>rc;ico;cur;bmp;dlg;rc2;rct;bin;rgs;gif;jpg;jpeg;jpe;resx;tiff;tif;png;wav;mfcribbon-ms</Extensions>
    </Filter>
  </ItemGroup>
  <ItemGroup>
    <ClCompile Include="..\src\band.c">
      <Filter>ソース ファイル</Filter>
    </ClCompile>
    <ClCompile Include="..\src\bandbuffer.c">
      <Filter>ソース ファイル</Filter>
    </ClCompile>
    <ClCompile Include="..\src\datalist.c">
      <Filter>ソース ファイル</Filter>
    </ClCompile>
    <ClCompile Include="..\src\datalistcell.c">
      <Filter>ソース ファイル</Filter>
    </ClCompile>
    <ClCompile Include="..\src\fgddem2pgsql.c">
      <Filter>ソース ファイル</Filter>
    </ClCompile>
    <ClCompile Include="..\src\fgddemreader.c">
      <Filter>ソース ファイル</Filter>
    </ClCompile>
    <ClCompile Include="..\src\printerror.c">
      <Filter>ソース ファイル</Filter>
    </ClCompile>
    <ClCompile Include="..\src\rasterbuffer.c">
      <Filter>ソース ファイル</Filter>
    </ClCompile>
    <ClCompile Include="..\src\writer.c">
      <Filter>ソース ファイル</Filter>
    </ClCompile>
    <ClCompile Include="..\src\endian.c">
      <Filter>ソース ファイル</Filter>
    </ClCompile>
  </ItemGroup>
  <ItemGroup>
    <ClInclude Include="..\src\band.h">
      <Filter>ヘッダー ファイル</Filter>
    </ClInclude>
    <ClInclude Include="..\src\bandbuffer.h">
      <Filter>ヘッダー ファイル</Filter>
    </ClInclude>
    <ClInclude Include="..\src\datalist.h">
      <Filter>ヘッダー ファイル</Filter>
    </ClInclude>
    <ClInclude Include="..\src\datalistcell.h">
      <Filter>ヘッダー ファイル</Filter>
    </ClInclude>
    <ClInclude Include="..\src\fgddemreader.h">
      <Filter>ヘッダー ファイル</Filter>
    </ClInclude>
    <ClInclude Include="..\src\printerror.h">
      <Filter>ヘッダー ファイル</Filter>
    </ClInclude>
    <ClInclude Include="..\src\rasterbuffer.h">
      <Filter>ヘッダー ファイル</Filter>
    </ClInclude>
    <ClInclude Include="..\src\rasterheader.h">
      <Filter>ヘッダー ファイル</Filter>
    </ClInclude>
    <ClInclude Include="..\src\writer.h">
      <Filter>ヘッダー ファイル</Filter>
    </ClInclude>
    <ClInclude Include="..\src\endian.h">
      <Filter>ヘッダー ファイル</Filter>
    </ClInclude>
  </ItemGroup>
  <ItemGroup>
    <None Include="fgddem2pgsql.props" />
  </ItemGroup>
  <ItemGroup>
    <Text Include="ReadMe-VS.txt" />
  </ItemGroup>
</Project>